
Microsoft Visual Studio Solution File, Format Version 12.00
# Visual Studio Version 16
VisualStudioVersion = 16.0.30114.105
MinimumVisualStudioVersion = 10.0.40219.1
Project("{FAE04EC0-301F-11D3-BF4B-00C04F79EFBC}") = "Domain.Authentication", "Domain\Domain.Authentication\Domain.Authentication.csproj", "{79581562-7C8B-4662-9E3F-511FC419F5D0}"
EndProject
Project("{FAE04EC0-301F-11D3-BF4B-00C04F79EFBC}") = "Infra.Authentication", "Infra\Infra.Authentication\Infra.Authentication.csproj", "{FB280D48-BD5F-44EF-816B-54563B9B666B}"
EndProject
Project("{FAE04EC0-301F-11D3-BF4B-00C04F79EFBC}") = "Application.Authentication", "Application\Application.Authentication\Application.Authentication.csproj", "{BF3F83B0-F436-46C8-A15F-310B602EA682}"
EndProject
Project("{FAE04EC0-301F-11D3-BF4B-00C04F79EFBC}") = "Test.UnitTest.Authentication", "Test\UnitTest\Test.UnitTest.Authentication\Test.UnitTest.Authentication.csproj", "{EAB29884-AAEB-46CF-B04C-76348870DB44}"
EndProject
Project("{FAE04EC0-301F-11D3-BF4B-00C04F79EFBC}") = "Service.Authentication", "Service\Service.Authentication\Service.Authentication.csproj", "{D9487C59-6765-405D-8F2D-3F5D55DDFF6D}"
EndProject
Project("{FAE04EC0-301F-11D3-BF4B-00C04F79EFBC}") = "Infra.CrossCutting", "Infra\Infra.CrossCutting\Infra.CrossCutting.csproj", "{C47DC3BD-462D-4597-8394-FDC85A6D236E}"
EndProject
Project("{2150E333-8FDC-42A3-9474-1A3956D46DE8}") = "Application", "Application", "{FA1235AF-3B6E-4210-9079-1ACE484DA965}"
EndProject
Project("{2150E333-8FDC-42A3-9474-1A3956D46DE8}") = "Domain", "Domain", "{3250D635-0644-4BBB-BBA4-2B7E10C3B4B5}"
EndProject
Project("{2150E333-8FDC-42A3-9474-1A3956D46DE8}") = "Infra", "Infra", "{8CA166C2-2E87-46DA-A649-F5DA841999FA}"
EndProject
Project("{2150E333-8FDC-42A3-9474-1A3956D46DE8}") = "Service", "Service", "{7C4E49BB-D076-41E9-BAEB-CC2F8E1B86D3}"
EndProject
Project("{2150E333-8FDC-42A3-9474-1A3956D46DE8}") = "UnitTest", "UnitTest", "{02E4B866-AE3C-496F-906D-1CC50F77405D}"
EndProject
Project("{2150E333-8FDC-42A3-9474-1A3956D46DE8}") = "Config", "Config", "{CAFCDDEE-3E13-411E-B7B3-94BEA003B331}"
	ProjectSection(SolutionItems) = preProject
		Config\appsettings.json = Config\appsettings.json
	EndProjectSection
EndProject
Project("{FAE04EC0-301F-11D3-BF4B-00C04F79EFBC}") = "Infra.Gerencia", "Infra\Infra.Gerencia\Infra.Gerencia.csproj", "{95932909-5EBD-4FB4-B116-E6E2ADB96A45}"
EndProject
Project("{FAE04EC0-301F-11D3-BF4B-00C04F79EFBC}") = "Domain.Gerencia", "Domain\Domain.Gerencia\Domain.Gerencia.csproj", "{DF76FDE1-4F85-484A-9909-5556665EBF7A}"
EndProject
Project("{FAE04EC0-301F-11D3-BF4B-00C04F79EFBC}") = "Application.Gerencia", "Application\Application.Gerencia\Application.Gerencia.csproj", "{CD2774B7-E4FA-497E-9D3F-76589C0AE60E}"
EndProject
Project("{FAE04EC0-301F-11D3-BF4B-00C04F79EFBC}") = "Service.Gerencia", "Service\Service.Gerencia\Service.Gerencia.csproj", "{A35FBF5B-5DC1-443C-98A2-7BDE393D6F80}"
EndProject
Global
	GlobalSection(SolutionConfigurationPlatforms) = preSolution
		Debug|Any CPU = Debug|Any CPU
		Release|Any CPU = Release|Any CPU
	EndGlobalSection
	GlobalSection(SolutionProperties) = preSolution
		HideSolutionNode = FALSE
	EndGlobalSection
	GlobalSection(ProjectConfigurationPlatforms) = postSolution
		{79581562-7C8B-4662-9E3F-511FC419F5D0}.Debug|Any CPU.ActiveCfg = Debug|Any CPU
		{79581562-7C8B-4662-9E3F-511FC419F5D0}.Debug|Any CPU.Build.0 = Debug|Any CPU
		{79581562-7C8B-4662-9E3F-511FC419F5D0}.Release|Any CPU.ActiveCfg = Release|Any CPU
		{79581562-7C8B-4662-9E3F-511FC419F5D0}.Release|Any CPU.Build.0 = Release|Any CPU
		{FB280D48-BD5F-44EF-816B-54563B9B666B}.Debug|Any CPU.ActiveCfg = Debug|Any CPU
		{FB280D48-BD5F-44EF-816B-54563B9B666B}.Debug|Any CPU.Build.0 = Debug|Any CPU
		{FB280D48-BD5F-44EF-816B-54563B9B666B}.Release|Any CPU.ActiveCfg = Release|Any CPU
		{FB280D48-BD5F-44EF-816B-54563B9B666B}.Release|Any CPU.Build.0 = Release|Any CPU
		{BF3F83B0-F436-46C8-A15F-310B602EA682}.Debug|Any CPU.ActiveCfg = Debug|Any CPU
		{BF3F83B0-F436-46C8-A15F-310B602EA682}.Debug|Any CPU.Build.0 = Debug|Any CPU
		{BF3F83B0-F436-46C8-A15F-310B602EA682}.Release|Any CPU.ActiveCfg = Release|Any CPU
		{BF3F83B0-F436-46C8-A15F-310B602EA682}.Release|Any CPU.Build.0 = Release|Any CPU
		{EAB29884-AAEB-46CF-B04C-76348870DB44}.Debug|Any CPU.ActiveCfg = Debug|Any CPU
		{EAB29884-AAEB-46CF-B04C-76348870DB44}.Debug|Any CPU.Build.0 = Debug|Any CPU
		{EAB29884-AAEB-46CF-B04C-76348870DB44}.Release|Any CPU.ActiveCfg = Release|Any CPU
		{EAB29884-AAEB-46CF-B04C-76348870DB44}.Release|Any CPU.Build.0 = Release|Any CPU
		{D9487C59-6765-405D-8F2D-3F5D55DDFF6D}.Debug|Any CPU.ActiveCfg = Debug|Any CPU
		{D9487C59-6765-405D-8F2D-3F5D55DDFF6D}.Debug|Any CPU.Build.0 = Debug|Any CPU
		{D9487C59-6765-405D-8F2D-3F5D55DDFF6D}.Release|Any CPU.ActiveCfg = Release|Any CPU
		{D9487C59-6765-405D-8F2D-3F5D55DDFF6D}.Release|Any CPU.Build.0 = Release|Any CPU
		{C47DC3BD-462D-4597-8394-FDC85A6D236E}.Debug|Any CPU.ActiveCfg = Debug|Any CPU
		{C47DC3BD-462D-4597-8394-FDC85A6D236E}.Debug|Any CPU.Build.0 = Debug|Any CPU
		{C47DC3BD-462D-4597-8394-FDC85A6D236E}.Release|Any CPU.ActiveCfg = Release|Any CPU
		{C47DC3BD-462D-4597-8394-FDC85A6D236E}.Release|Any CPU.Build.0 = Release|Any CPU
		{95932909-5EBD-4FB4-B116-E6E2ADB96A45}.Debug|Any CPU.ActiveCfg = Debug|Any CPU
		{95932909-5EBD-4FB4-B116-E6E2ADB96A45}.Debug|Any CPU.Build.0 = Debug|Any CPU
		{95932909-5EBD-4FB4-B116-E6E2ADB96A45}.Release|Any CPU.ActiveCfg = Release|Any CPU
		{95932909-5EBD-4FB4-B116-E6E2ADB96A45}.Release|Any CPU.Build.0 = Release|Any CPU
		{DF76FDE1-4F85-484A-9909-5556665EBF7A}.Debug|Any CPU.ActiveCfg = Debug|Any CPU
		{DF76FDE1-4F85-484A-9909-5556665EBF7A}.Debug|Any CPU.Build.0 = Debug|Any CPU
		{DF76FDE1-4F85-484A-9909-5556665EBF7A}.Release|Any CPU.ActiveCfg = Release|Any CPU
		{DF76FDE1-4F85-484A-9909-5556665EBF7A}.Release|Any CPU.Build.0 = Release|Any CPU
		{CD2774B7-E4FA-497E-9D3F-76589C0AE60E}.Debug|Any CPU.ActiveCfg = Debug|Any CPU
		{CD2774B7-E4FA-497E-9D3F-76589C0AE60E}.Debug|Any CPU.Build.0 = Debug|Any CPU
		{CD2774B7-E4FA-497E-9D3F-76589C0AE60E}.Release|Any CPU.ActiveCfg = Release|Any CPU
		{CD2774B7-E4FA-497E-9D3F-76589C0AE60E}.Release|Any CPU.Build.0 = Release|Any CPU
		{A35FBF5B-5DC1-443C-98A2-7BDE393D6F80}.Debug|Any CPU.ActiveCfg = Debug|Any CPU
		{A35FBF5B-5DC1-443C-98A2-7BDE393D6F80}.Debug|Any CPU.Build.0 = Debug|Any CPU
		{A35FBF5B-5DC1-443C-98A2-7BDE393D6F80}.Release|Any CPU.ActiveCfg = Release|Any CPU
		{A35FBF5B-5DC1-443C-98A2-7BDE393D6F80}.Release|Any CPU.Build.0 = Release|Any CPU
	EndGlobalSection
	GlobalSection(NestedProjects) = preSolution
		{BF3F83B0-F436-46C8-A15F-310B602EA682} = {FA1235AF-3B6E-4210-9079-1ACE484DA965}
		{79581562-7C8B-4662-9E3F-511FC419F5D0} = {3250D635-0644-4BBB-BBA4-2B7E10C3B4B5}
		{FB280D48-BD5F-44EF-816B-54563B9B666B} = {8CA166C2-2E87-46DA-A649-F5DA841999FA}
		{C47DC3BD-462D-4597-8394-FDC85A6D236E} = {8CA166C2-2E87-46DA-A649-F5DA841999FA}
		{D9487C59-6765-405D-8F2D-3F5D55DDFF6D} = {7C4E49BB-D076-41E9-BAEB-CC2F8E1B86D3}
		{EAB29884-AAEB-46CF-B04C-76348870DB44} = {02E4B866-AE3C-496F-906D-1CC50F77405D}
	EndGlobalSection
EndGlobal
